Microsoft Visual Studio Solution File, Format Version 12.00
# Visual Studio 15
VisualStudioVersion = 15.0.26430.6
MinimumVisualStudioVersion = 10.0.40219.1
Project("{FAE04EC0-301F-11D3-BF4B-00C04F79EFBC}") = "SecuredExportExample.Win", "SecuredExportExample.Win\SecuredExportExample.Win.csproj", "{36005CE3-FB0F-4E3B-A807-91B2BA5F2C38}"
EndProject
Project("{FAE04EC0-301F-11D3-BF4B-00C04F79EFBC}") = "SecuredExportExample.Module", "SecuredExportExample.Module\SecuredExportExample.Module.csproj", "{41736668-27C6-4299-92D7-DE0DFE976706}"
EndProject
Project("{FAE04EC0-301F-11D3-BF4B-00C04F79EFBC}") = "SecuredExportExample.Web", "SecuredExportExample.Web\SecuredExportExample.Web.csproj", "{074CB681-32E2-437C-896A-4DED66031505}"
EndProject
Project("{FAE04EC0-301F-11D3-BF4B-00C04F79EFBC}") = "SecuredExportExample.Win.MiddleTierSecurityClient", "SecuredExportExample.Win.MiddleTierSecurityClient\SecuredExportExample.Win.MiddleTierSecurityClient.csproj", "{A17E14F3-D38F-4B48-85C9-1A5402695B68}"
EndProject
Project("{FAE04EC0-301F-11D3-BF4B-00C04F79EFBC}") = "SecuredExportExample.MiddleTierSecurityServer", "SecuredExportExample.MiddleTierSecurityServer\SecuredExportExample.MiddleTierSecurityServer.csproj", "{C82C2AD7-EB3D-433F-8578-60928899A078}"
EndProject
Global
	GlobalSection(SolutionConfigurationPlatforms) = preSolution
		Debug|Any CPU = Debug|Any CPU
		EasyTest|Any CPU = EasyTest|Any CPU
		Release|Any CPU = Release|Any CPU
	EndGlobalSection
	GlobalSection(ProjectConfigurationPlatforms) = postSolution
		{41736668-27C6-4299-92D7-DE0DFE976706}.Debug|Any CPU.ActiveCfg = Debug|Any CPU
		{41736668-27C6-4299-92D7-DE0DFE976706}.Debug|Any CPU.Build.0 = Debug|Any CPU
		{41736668-27C6-4299-92D7-DE0DFE976706}.EasyTest|Any CPU.ActiveCfg = EasyTest|Any CPU
		{41736668-27C6-4299-92D7-DE0DFE976706}.EasyTest|Any CPU.Build.0 = EasyTest|Any CPU
		{41736668-27C6-4299-92D7-DE0DFE976706}.Release|Any CPU.ActiveCfg = Release|Any CPU
		{41736668-27C6-4299-92D7-DE0DFE976706}.Release|Any CPU.Build.0 = Release|Any CPU
		{074CB681-32E2-437C-896A-4DED66031505}.Debug|Any CPU.ActiveCfg = Debug|Any CPU
		{074CB681-32E2-437C-896A-4DED66031505}.Debug|Any CPU.Build.0 = Debug|Any CPU
		{074CB681-32E2-437C-896A-4DED66031505}.EasyTest|Any CPU.ActiveCfg = EasyTest|Any CPU
		{074CB681-32E2-437C-896A-4DED66031505}.EasyTest|Any CPU.Build.0 = EasyTest|Any CPU
		{074CB681-32E2-437C-896A-4DED66031505}.Release|Any CPU.ActiveCfg = Release|Any CPU
		{074CB681-32E2-437C-896A-4DED66031505}.Release|Any CPU.Build.0 = Release|Any CPU
		{36005CE3-FB0F-4E3B-A807-91B2BA5F2C38}.Debug|Any CPU.ActiveCfg = Debug|Any CPU
		{36005CE3-FB0F-4E3B-A807-91B2BA5F2C38}.Debug|Any CPU.Build.0 = Debug|Any CPU
		{36005CE3-FB0F-4E3B-A807-91B2BA5F2C38}.EasyTest|Any CPU.ActiveCfg = EasyTest|Any CPU
		{36005CE3-FB0F-4E3B-A807-91B2BA5F2C38}.EasyTest|Any CPU.Build.0 = EasyTest|Any CPU
		{36005CE3-FB0F-4E3B-A807-91B2BA5F2C38}.Release|Any CPU.ActiveCfg = Release|Any CPU
		{36005CE3-FB0F-4E3B-A807-91B2BA5F2C38}.Release|Any CPU.Build.0 = Release|Any CPU
		{A17E14F3-D38F-4B48-85C9-1A5402695B68}.Debug|Any CPU.ActiveCfg = Debug|Any CPU
		{A17E14F3-D38F-4B48-85C9-1A5402695B68}.Debug|Any CPU.Build.0 = Debug|Any CPU
		{A17E14F3-D38F-4B48-85C9-1A5402695B68}.EasyTest|Any CPU.ActiveCfg = EasyTest|Any CPU
		{A17E14F3-D38F-4B48-85C9-1A5402695B68}.EasyTest|Any CPU.Build.0 = EasyTest|Any CPU
		{A17E14F3-D38F-4B48-85C9-1A5402695B68}.Release|Any CPU.ActiveCfg = Release|Any CPU
		{A17E14F3-D38F-4B48-85C9-1A5402695B68}.Release|Any CPU.Build.0 = Release|Any CPU
		{C82C2AD7-EB3D-433F-8578-60928899A078}.Debug|Any CPU.ActiveCfg = Debug|Any CPU
		{C82C2AD7-EB3D-433F-8578-60928899A078}.Debug|Any CPU.Build.0 = Debug|Any CPU
		{C82C2AD7-EB3D-433F-8578-60928899A078}.EasyTest|Any CPU.ActiveCfg = EasyTest|Any CPU
		{C82C2AD7-EB3D-433F-8578-60928899A078}.EasyTest|Any CPU.Build.0 = EasyTest|Any CPU
		{C82C2AD7-EB3D-433F-8578-60928899A078}.Release|Any CPU.ActiveCfg = Release|Any CPU
		{C82C2AD7-EB3D-433F-8578-60928899A078}.Release|Any CPU.Build.0 = Release|Any CPU
	EndGlobalSection
	GlobalSection(SolutionProperties) = preSolution
		HideSolutionNode = FALSE
	EndGlobalSection
EndGlobal
