
Microsoft Visual Studio Solution File, Format Version 12.00
# Visual Studio Version 17
VisualStudioVersion = 17.5.33424.131
MinimumVisualStudioVersion = 10.0.40219.1
Project("{9A19103F-16F7-4668-BE54-9A1E7A4F7556}") = "MySolutionXPO.Module", "MySolutionXPO.Module\MySolutionXPO.Module.csproj", "{E9C5A1B7-010B-4800-A9F9-CB2A77A4BD29}"
EndProject
Project("{9A19103F-16F7-4668-BE54-9A1E7A4F7556}") = "MySolutionXPO.Win", "MySolutionXPO.Win\MySolutionXPO.Win.csproj", "{963F6121-E8EE-48EF-AF5A-723DC4DD5F09}"
EndProject
Project("{9A19103F-16F7-4668-BE54-9A1E7A4F7556}") = "MySolutionXPO.Blazor.Server", "MySolutionXPO.Blazor.Server\MySolutionXPO.Blazor.Server.csproj", "{9D191814-AC1B-45D1-8797-2C9F18FC6A97}"
EndProject
Global
	GlobalSection(SolutionConfigurationPlatforms) = preSolution
		Debug|Any CPU = Debug|Any CPU
		EasyTest|Any CPU = EasyTest|Any CPU
		Release|Any CPU = Release|Any CPU
	EndGlobalSection
	GlobalSection(ProjectConfigurationPlatforms) = postSolution
		{E9C5A1B7-010B-4800-A9F9-CB2A77A4BD29}.Debug|Any CPU.ActiveCfg = Debug|Any CPU
		{E9C5A1B7-010B-4800-A9F9-CB2A77A4BD29}.Debug|Any CPU.Build.0 = Debug|Any CPU
		{E9C5A1B7-010B-4800-A9F9-CB2A77A4BD29}.EasyTest|Any CPU.ActiveCfg = EasyTest|Any CPU
		{E9C5A1B7-010B-4800-A9F9-CB2A77A4BD29}.EasyTest|Any CPU.Build.0 = EasyTest|Any CPU
		{E9C5A1B7-010B-4800-A9F9-CB2A77A4BD29}.Release|Any CPU.ActiveCfg = Release|Any CPU
		{E9C5A1B7-010B-4800-A9F9-CB2A77A4BD29}.Release|Any CPU.Build.0 = Release|Any CPU
		{963F6121-E8EE-48EF-AF5A-723DC4DD5F09}.Debug|Any CPU.ActiveCfg = Debug|Any CPU
		{963F6121-E8EE-48EF-AF5A-723DC4DD5F09}.Debug|Any CPU.Build.0 = Debug|Any CPU
		{963F6121-E8EE-48EF-AF5A-723DC4DD5F09}.EasyTest|Any CPU.ActiveCfg = EasyTest|Any CPU
		{963F6121-E8EE-48EF-AF5A-723DC4DD5F09}.EasyTest|Any CPU.Build.0 = EasyTest|Any CPU
		{963F6121-E8EE-48EF-AF5A-723DC4DD5F09}.Release|Any CPU.ActiveCfg = Release|Any CPU
		{963F6121-E8EE-48EF-AF5A-723DC4DD5F09}.Release|Any CPU.Build.0 = Release|Any CPU
		{9D191814-AC1B-45D1-8797-2C9F18FC6A97}.Debug|Any CPU.ActiveCfg = Debug|Any CPU
		{9D191814-AC1B-45D1-8797-2C9F18FC6A97}.Debug|Any CPU.Build.0 = Debug|Any CPU
		{9D191814-AC1B-45D1-8797-2C9F18FC6A97}.EasyTest|Any CPU.ActiveCfg = EasyTest|Any CPU
		{9D191814-AC1B-45D1-8797-2C9F18FC6A97}.EasyTest|Any CPU.Build.0 = EasyTest|Any CPU
		{9D191814-AC1B-45D1-8797-2C9F18FC6A97}.Release|Any CPU.ActiveCfg = Release|Any CPU
		{9D191814-AC1B-45D1-8797-2C9F18FC6A97}.Release|Any CPU.Build.0 = Release|Any CPU
	EndGlobalSection
	GlobalSection(SolutionProperties) = preSolution
		HideSolutionNode = FALSE
	EndGlobalSection
EndGlobal
